lockfileVersion: '9.0'

settings:
  autoInstallPeers: true
  excludeLinksFromLockfile: false

importers:

  .:
    dependencies:
      '@dicebear/collection':
        specifier: '==9.2.3'
        version: 9.2.3(@dicebear/core@9.2.3)
      '@dicebear/core':
        specifier: '==9.2.3'
        version: 9.2.3
      axios:
        specifier: '==1.10.0'
        version: 1.10.0
      next:
        specifier: '==15.3.4'
        version: 15.3.4(react-dom@19.0.0(react@19.0.0))(react@19.0.0)
      react:
        specifier: '==19.0.0'
        version: 19.0.0
      react-dom:
        specifier: '==19.0.0'
        version: 19.0.0(react@19.0.0)
    devDependencies:
      '@types/node':
        specifier: '==20'
        version: 20.19.4
      '@types/react':
        specifier: '==19'
        version: 19.1.8
      '@types/react-dom':
        specifier: '==19'
        version: 19.1.6(@types/react@19.1.8)
      '@types/webtorrent':
        specifier: '==0.110.0'
        version: 0.110.0
      typescript:
        specifier: '==5'
        version: 5.8.3

packages:

  '@dicebear/adventurer-neutral@9.2.3':
    resolution: {integrity: sha512-yjsflrlGIZolEJDcIhdh5l8R6QoyZ0Fc5ZaRS95Na15GeCA0bcq92fDpyb/87F8QRYR4hcn8wYim+MZKyDnm3A==}
    engines: {node: '>=18.0.0'}
    peerDependencies:
      '@dicebear/core': ^9.0.0

  '@dicebear/adventurer@9.2.3':
    resolution: {integrity: sha512-kF97966JCLbLFkavLKLplhubC4k8G19e1V3vtq+XWKKSBNNLMc0yhiEXnFjS6eVI4rnQ6dUpTff4gUmpREmEnQ==}
    engines: {node: '>=18.0.0'}
    peerDependencies:
      '@dicebear/core': ^9.0.0

  '@dicebear/avataaars-neutral@9.2.3':
    resolution: {integrity: sha512-v9Ga01GVKGchqNBc4Z2Gk5Y4P0c/jzNg6l/r4kX0xCMDXNd/vchi6QI464pHnJpDC/I8BzL1wYbpZrUEmTWJmA==}
    engines: {node: '>=18.0.0'}
    peerDependencies:
      '@dicebear/core': ^9.0.0

  '@dicebear/avataaars@9.2.3':
    resolution: {integrity: sha512-Jh6mGKMA99KCF+S5rnS+QIlrApCy7NJI6SwmCzixJQmlX0GbWrgBuRxPEy2XJo4FWKGI9eFKOQ4QtNFEwGKjWQ==}
    engines: {node: '>=18.0.0'}
    peerDependencies:
      '@dicebear/core': ^9.0.0

  '@dicebear/big-ears-neutral@9.2.3':
    resolution: {integrity: sha512-y4T8ukm+A/ZXBnwyx3CFZxxJlzoTGJ1xmJL2j4/6zXxjlzl3wkc2mZX36t16i6NKiBs9LJwOUNx6IezbmYjDjg==}
    engines: {node: '>=18.0.0'}
    peerDependencies:
      '@dicebear/core': ^9.0.0

  '@dicebear/big-ears@9.2.3':
    resolution: {integrity: sha512-YTZ3QIWlG6HlkDyASAaQoetxYtQgOwq4GTJxDpzzawFbhhtMJabqAU7dzWkPY6IgJfI/MAKVxdeqXK0Aiw4E6w==}
    engines: {node: '>=18.0.0'}
    peerDependencies:
      '@dicebear/core': ^9.0.0

  '@dicebear/big-smile@9.2.3':
    resolution: {integrity: sha512-/QvZlUmNIjnA6GN5VPUiD5g1MYr+qTOun3CfBSrPAav+tFo8RQGszM6ggvkmn4Q1aHwJ0XQNRiIvTJtQisuqKg==}
    engines: {node: '>=18.0.0'}
    peerDependencies:
      '@dicebear/core': ^9.0.0

  '@dicebear/bottts-neutral@9.2.3':
    resolution: {integrity: sha512-6wFfWwXHE3kJKP0DqgN/SmSBDPs/s8o46APst8RfHnmcDLEsQExg0WquGwXfP+3XqGjPhsm/LGaA/yXKlE/84w==}
    engines: {node: '>=18.0.0'}
    peerDependencies:
      '@dicebear/core': ^9.0.0

  '@dicebear/bottts@9.2.3':
    resolution: {integrity: sha512-udHSuK7uDYMFiCPZsHkaqCyo0hoJFMehsTSBtvOUOQqlQGYA2E7+gLgLmfvBQlYuk61lBM4yLyQdbGj0W7Nl1Q==}
    engines: {node: '>=18.0.0'}
    peerDependencies:
      '@dicebear/core': ^9.0.0

  '@dicebear/collection@9.2.3':
    resolution: {integrity: sha512-PWW1x6EnDKw66dtpy3+1/W/UTrxq9jOGaWgRj+PV6Y0Pvc2a7ZMi6tBzfGWpy0r+XdhREUQ3vyFqim+R/iE2Rg==}
    engines: {node: '>=18.0.0'}
    peerDependencies:
      '@dicebear/core': ^9.0.0

  '@dicebear/core@9.2.3':
    resolution: {integrity: sha512-rsWmQO/TxBtnYbQSOrOESmf/XD5TC30cwKw9LBT2+7Q9HwIf5qJKBJT25bmwvn3RPHVe4A6DkTVMtmsoSaErFg==}
    engines: {node: '>=18.0.0'}

  '@dicebear/croodles-neutral@9.2.3':
    resolution: {integrity: sha512-peurufAge4ZbzqGVAyFxhZ64qKv+MLBuQK2XvXsXX0uHgtEeAgSjFl6+O0wgJ7KVKtHL56qY68Acdhy3U91BYw==}
    engines: {node: '>=18.0.0'}
    peerDependencies:
      '@dicebear/core': ^9.0.0

  '@dicebear/croodles@9.2.3':
    resolution: {integrity: sha512-dzFhchlmhst+PBMkNbLNVcOyNFWAhaFnxQOMwWluHPzg8ryiFt/LEKWB7bPKMue1jBwta6LfoUv7vDG4LpdXIw==}
    engines: {node: '>=18.0.0'}
    peerDependencies:
      '@dicebear/core': ^9.0.0

  '@dicebear/dylan@9.2.3':
    resolution: {integrity: sha512-gtRhE1jxKwgUE4d2N7KHJ/rSdAg8zxgViALygs8/kcs2y4uinNx5NW3OvJwNPMBAwHRqeM6GbLKycbfiYMKdwA==}
    engines: {node: '>=18.0.0'}
    peerDependencies:
      '@dicebear/core': ^9.0.0

  '@dicebear/fun-emoji@9.2.3':
    resolution: {integrity: sha512-zR+SmA7hWT8FDkJsdvg5uI7fOabilZfheM8RnMkEXXA0NmKgNKuWX9yFjLxeWESbJwBZFJ/SKasKcZSJP88eyw==}
    engines: {node: '>=18.0.0'}
    peerDependencies:
      '@dicebear/core': ^9.0.0

  '@dicebear/glass@9.2.3':
    resolution: {integrity: sha512-ucaM6TrTt/JsDa26ZQbtxevN0JLu2S06Q2+M/kAT2f0OdR6hSNdPnj/hDIVWg/u4XgW9HXrJ4Lt2KG2nZGq1MA==}
    engines: {node: '>=18.0.0'}
    peerDependencies:
      '@dicebear/core': ^9.0.0

  '@dicebear/icons@9.2.3':
    resolution: {integrity: sha512-2IaSmvgxzEvbtXHxhuxaCrBCtTG7HouxbInzPOetWz/YroTe5qj2k81uhl6ctbviO1PgGgkhIJ12nCIey6O/Tw==}
    engines: {node: '>=18.0.0'}
    peerDependencies:
      '@dicebear/core': ^9.0.0

  '@dicebear/identicon@9.2.3':
    resolution: {integrity: sha512-WCMYjOV19ocaJQDgD3E1z2FRgY4Zbnjieb2FSXPwW6zi04l52rhGaywk8YlCbaHilE43Iybyu1v6iDf4I71qKg==}
    engines: {node: '>=18.0.0'}
    peerDependencies:
      '@dicebear/core': ^9.0.0

  '@dicebear/initials@9.2.3':
    resolution: {integrity: sha512-Qz668xB/XHRNsxW3vpZ0q9xq/M6tscbv1FaFvAGbnFO2hzfqiCWSK1cfNrrqlPJbz7Pz5LIlL5xObLZ0UYhFRA==}
    engines: {node: '>=18.0.0'}
    peerDependencies:
      '@dicebear/core': ^9.0.0

  '@dicebear/lorelei-neutral@9.2.3':
    resolution: {integrity: sha512-C0XcfvB1Td9y1jeaBSkuMrQTAv/RiupQ62cE25f18Mw9UuTC3TwnHR6Ms/4SAEhCZxE2xYHZccs3Lvgkn/b3dA==}
    engines: {node: '>=18.0.0'}
    peerDependencies:
      '@dicebear/core': ^9.0.0

  '@dicebear/lorelei@9.2.3':
    resolution: {integrity: sha512-ribIq7I669JyUSZ0s8jDx5N2NqQUhGSoFGK5d82JqI2HYIAury/0WDsMh0fKeuYUJb9KuDEv+e9nO3OJVa8Hog==}
    engines: {node: '>=18.0.0'}
    peerDependencies:
      '@dicebear/core': ^9.0.0

  '@dicebear/micah@9.2.3':
    resolution: {integrity: sha512-CcA/vVqrFEu5oDNAwJRRmLAE1gGJseP6BJTHMOdROkIOMpt1sy7OBqOFmajGnpOxOhvqBmvTZy0bw0G2TnnKSQ==}
    engines: {node: '>=18.0.0'}
    peerDependencies:
      '@dicebear/core': ^9.0.0

  '@dicebear/miniavs@9.2.3':
    resolution: {integrity: sha512-l111IVYtbUXypFQz1U4hTFM5DxGThDmluG7mNi1Uu92I5/3mH7Eltm2mX3T6g1HFW8MDaTeSBKee1xGVaHmmaA==}
    engines: {node: '>=18.0.0'}
    peerDependencies:
      '@dicebear/core': ^9.0.0

  '@dicebear/notionists-neutral@9.2.3':
    resolution: {integrity: sha512-4WXCE9e9xIe1QdxiGXONxWhAzDVT4nMjoZA0rtgX8Sl0lqSIeBrO4RTnyaqFbGG1V1MiPj9CbE5OB8YbwexFBg==}
    engines: {node: '>=18.0.0'}
    peerDependencies:
      '@dicebear/core': ^9.0.0

  '@dicebear/notionists@9.2.3':
    resolution: {integrity: sha512-0bqS1pwAR8aAm6BDShgD5eI+u0f2CtgeFIDsOER6Je3WwFGyIBUTwwVSL7gmiA5qcvQAB9Slohj7vbN0pifTyA==}
    engines: {node: '>=18.0.0'}
    peerDependencies:
      '@dicebear/core': ^9.0.0

  '@dicebear/open-peeps@9.2.3':
    resolution: {integrity: sha512-QcqKF3geA2Aqw1aJo8PO7+mKXz2I882D61I19vm94V1ojWnyw+8ihFmCLPReVcxQatxNjraTXCoKyT37TbgKBg==}
    engines: {node: '>=18.0.0'}
    peerDependencies:
      '@dicebear/core': ^9.0.0

  '@dicebear/personas@9.2.3':
    resolution: {integrity: sha512-YUXyoOwgt9CGhEuWl+dChDLmcVyuoU5UB7GY8PLWyHoy+1K3MzHJI7XFeDXyOYFpfuBiVY2++YjUZg26loqCNw==}
    engines: {node: '>=18.0.0'}
    peerDependencies:
      '@dicebear/core': ^9.0.0

  '@dicebear/pixel-art-neutral@9.2.3':
    resolution: {integrity: sha512-Eblj/m8x0VSsJfN++GRMPdqOXCcTh0TIIf2waLbNlaOEU1xdhkYC9wSdYfjNv3gUIdbButiYWHwPgRZETcx1qQ==}
    engines: {node: '>=18.0.0'}
    peerDependencies:
      '@dicebear/core': ^9.0.0

  '@dicebear/pixel-art@9.2.3':
    resolution: {integrity: sha512-4JZS/zbZZXg99P10sza0yxC2v+ugEWcoNy+c4I98ylWOjs2BrKcupSsU/2R11egT4u7hEknlVqR1zxKBGjuIDA==}
    engines: {node: '>=18.0.0'}
    peerDependencies:
      '@dicebear/core': ^9.0.0

  '@dicebear/rings@9.2.3':
    resolution: {integrity: sha512-L4gZAzMsf9TNS99Um1ElG7Ncs9VSpQugLL0fCfDkMEkGxvwM+Aqu1UfX7iV3qNsEiu/zaR+3qCMBOEfNGUE1vA==}
    engines: {node: '>=18.0.0'}
    peerDependencies:
      '@dicebear/core': ^9.0.0

  '@dicebear/shapes@9.2.3':
    resolution: {integrity: sha512-4MlhZED2ZDfHymNiPtj67UwW79ECoK1gDjRsUS5BPQUBFIQ22cYrKrRhDcs1CxMZCStnVsH26tt3atIkFeIo9Q==}
    engines: {node: '>=18.0.0'}
    peerDependencies:
      '@dicebear/core': ^9.0.0

  '@dicebear/thumbs@9.2.3':
    resolution: {integrity: sha512-C9vFXjYpLWa98tc4n+FcWkpJAWaGSJOqPUeaom+KVU/ibXLkr21RlcDCRc63YJfiULlE8bQhDWw7FaUAFV3gew==}
    engines: {node: '>=18.0.0'}
    peerDependencies:
      '@dicebear/core': ^9.0.0

  '@emnapi/runtime@1.4.3':
    resolution: {integrity: sha512-pBPWdu6MLKROBX05wSNKcNb++m5Er+KQ9QkB+WVM+pW2Kx9hoSrVTnu3BdkI5eBLZoKu/J6mW/B6i6bJB2ytXQ==}

  '@img/sharp-darwin-arm64@0.34.2':
    resolution: {integrity: sha512-OfXHZPppddivUJnqyKoi5YVeHRkkNE2zUFT2gbpKxp/JZCFYEYubnMg+gOp6lWfasPrTS+KPosKqdI+ELYVDtg==}
    engines: {node: ^18.17.0 || ^20.3.0 || >=21.0.0}
    cpu: [arm64]
    os: [darwin]

  '@img/sharp-darwin-x64@0.34.2':
    resolution: {integrity: sha512-dYvWqmjU9VxqXmjEtjmvHnGqF8GrVjM2Epj9rJ6BUIXvk8slvNDJbhGFvIoXzkDhrJC2jUxNLz/GUjjvSzfw+g==}
    engines: {node: ^18.17.0 || ^20.3.0 || >=21.0.0}
    cpu: [x64]
    os: [darwin]

  '@img/sharp-libvips-darwin-arm64@1.1.0':
    resolution: {integrity: sha512-HZ/JUmPwrJSoM4DIQPv/BfNh9yrOA8tlBbqbLz4JZ5uew2+o22Ik+tHQJcih7QJuSa0zo5coHTfD5J8inqj9DA==}
    cpu: [arm64]
    os: [darwin]

  '@img/sharp-libvips-darwin-x64@1.1.0':
    resolution: {integrity: sha512-Xzc2ToEmHN+hfvsl9wja0RlnXEgpKNmftriQp6XzY/RaSfwD9th+MSh0WQKzUreLKKINb3afirxW7A0fz2YWuQ==}
    cpu: [x64]
    os: [darwin]

  '@img/sharp-libvips-linux-arm64@1.1.0':
    resolution: {integrity: sha512-IVfGJa7gjChDET1dK9SekxFFdflarnUB8PwW8aGwEoF3oAsSDuNUTYS+SKDOyOJxQyDC1aPFMuRYLoDInyV9Ew==}
    cpu: [arm64]
    os: [linux]

  '@img/sharp-libvips-linux-arm@1.1.0':
    resolution: {integrity: sha512-s8BAd0lwUIvYCJyRdFqvsj+BJIpDBSxs6ivrOPm/R7piTs5UIwY5OjXrP2bqXC9/moGsyRa37eYWYCOGVXxVrA==}
    cpu: [arm]
    os: [linux]

  '@img/sharp-libvips-linux-ppc64@1.1.0':
    resolution: {integrity: sha512-tiXxFZFbhnkWE2LA8oQj7KYR+bWBkiV2nilRldT7bqoEZ4HiDOcePr9wVDAZPi/Id5fT1oY9iGnDq20cwUz8lQ==}
    cpu: [ppc64]
    os: [linux]

  '@img/sharp-libvips-linux-s390x@1.1.0':
    resolution: {integrity: sha512-xukSwvhguw7COyzvmjydRb3x/09+21HykyapcZchiCUkTThEQEOMtBj9UhkaBRLuBrgLFzQ2wbxdeCCJW/jgJA==}
    cpu: [s390x]
    os: [linux]

  '@img/sharp-libvips-linux-x64@1.1.0':
    resolution: {integrity: sha512-yRj2+reB8iMg9W5sULM3S74jVS7zqSzHG3Ol/twnAAkAhnGQnpjj6e4ayUz7V+FpKypwgs82xbRdYtchTTUB+Q==}
    cpu: [x64]
    os: [linux]

  '@img/sharp-libvips-linuxmusl-arm64@1.1.0':
    resolution: {integrity: sha512-jYZdG+whg0MDK+q2COKbYidaqW/WTz0cc1E+tMAusiDygrM4ypmSCjOJPmFTvHHJ8j/6cAGyeDWZOsK06tP33w==}
    cpu: [arm64]
    os: [linux]

  '@img/sharp-libvips-linuxmusl-x64@1.1.0':
    resolution: {integrity: sha512-wK7SBdwrAiycjXdkPnGCPLjYb9lD4l6Ze2gSdAGVZrEL05AOUJESWU2lhlC+Ffn5/G+VKuSm6zzbQSzFX/P65A==}
    cpu: [x64]
    os: [linux]

  '@img/sharp-linux-arm64@0.34.2':
    resolution: {integrity: sha512-D8n8wgWmPDakc83LORcfJepdOSN6MvWNzzz2ux0MnIbOqdieRZwVYY32zxVx+IFUT8er5KPcyU3XXsn+GzG/0Q==}
    engines: {node: ^18.17.0 || ^20.3.0 || >=21.0.0}
    cpu: [arm64]
    os: [linux]

  '@img/sharp-linux-arm@0.34.2':
    resolution: {integrity: sha512-0DZzkvuEOqQUP9mo2kjjKNok5AmnOr1jB2XYjkaoNRwpAYMDzRmAqUIa1nRi58S2WswqSfPOWLNOr0FDT3H5RQ==}
    engines: {node: ^18.17.0 || ^20.3.0 || >=21.0.0}
    cpu: [arm]
    os: [linux]

  '@img/sharp-linux-s390x@0.34.2':
    resolution: {integrity: sha512-EGZ1xwhBI7dNISwxjChqBGELCWMGDvmxZXKjQRuqMrakhO8QoMgqCrdjnAqJq/CScxfRn+Bb7suXBElKQpPDiw==}
    engines: {node: ^18.17.0 || ^20.3.0 || >=21.0.0}
    cpu: [s390x]
    os: [linux]

  '@img/sharp-linux-x64@0.34.2':
    resolution: {integrity: sha512-sD7J+h5nFLMMmOXYH4DD9UtSNBD05tWSSdWAcEyzqW8Cn5UxXvsHAxmxSesYUsTOBmUnjtxghKDl15EvfqLFbQ==}
    engines: {node: ^18.17.0 || ^20.3.0 || >=21.0.0}
    cpu: [x64]
    os: [linux]

  '@img/sharp-linuxmusl-arm64@0.34.2':
    resolution: {integrity: sha512-NEE2vQ6wcxYav1/A22OOxoSOGiKnNmDzCYFOZ949xFmrWZOVII1Bp3NqVVpvj+3UeHMFyN5eP/V5hzViQ5CZNA==}
    engines: {node: ^18.17.0 || ^20.3.0 || >=21.0.0}
    cpu: [arm64]
    os: [linux]

  '@img/sharp-linuxmusl-x64@0.34.2':
    resolution: {integrity: sha512-DOYMrDm5E6/8bm/yQLCWyuDJwUnlevR8xtF8bs+gjZ7cyUNYXiSf/E8Kp0Ss5xasIaXSHzb888V1BE4i1hFhAA==}
    engines: {node: ^18.17.0 || ^20.3.0 || >=21.0.0}
    cpu: [x64]
    os: [linux]

  '@img/sharp-wasm32@0.34.2':
    resolution: {integrity: sha512-/VI4mdlJ9zkaq53MbIG6rZY+QRN3MLbR6usYlgITEzi4Rpx5S6LFKsycOQjkOGmqTNmkIdLjEvooFKwww6OpdQ==}
    engines: {node: ^18.17.0 || ^20.3.0 || >=21.0.0}
    cpu: [wasm32]

  '@img/sharp-win32-arm64@0.34.2':
    resolution: {integrity: sha512-cfP/r9FdS63VA5k0xiqaNaEoGxBg9k7uE+RQGzuK9fHt7jib4zAVVseR9LsE4gJcNWgT6APKMNnCcnyOtmSEUQ==}
    engines: {node: ^18.17.0 || ^20.3.0 || >=21.0.0}
    cpu: [arm64]
    os: [win32]

  '@img/sharp-win32-ia32@0.34.2':
    resolution: {integrity: sha512-QLjGGvAbj0X/FXl8n1WbtQ6iVBpWU7JO94u/P2M4a8CFYsvQi4GW2mRy/JqkRx0qpBzaOdKJKw8uc930EX2AHw==}
    engines: {node: ^18.17.0 || ^20.3.0 || >=21.0.0}
    cpu: [ia32]
    os: [win32]

  '@img/sharp-win32-x64@0.34.2':
    resolution: {integrity: sha512-aUdT6zEYtDKCaxkofmmJDJYGCf0+pJg3eU9/oBuqvEeoB9dKI6ZLc/1iLJCTuJQDO4ptntAlkUmHgGjyuobZbw==}
    engines: {node: ^18.17.0 || ^20.3.0 || >=21.0.0}
    cpu: [x64]
    os: [win32]

  '@next/env@15.3.4':
    resolution: {integrity: sha512-ZkdYzBseS6UjYzz6ylVKPOK+//zLWvD6Ta+vpoye8cW11AjiQjGYVibF0xuvT4L0iJfAPfZLFidaEzAOywyOAQ==}

  '@next/swc-darwin-arm64@15.3.4':
    resolution: {integrity: sha512-z0qIYTONmPRbwHWvpyrFXJd5F9YWLCsw3Sjrzj2ZvMYy9NPQMPZ1NjOJh4ojr4oQzcGYwgJKfidzehaNa1BpEg==}
    engines: {node: '>= 10'}
    cpu: [arm64]
    os: [darwin]

  '@next/swc-darwin-x64@15.3.4':
    resolution: {integrity: sha512-Z0FYJM8lritw5Wq+vpHYuCIzIlEMjewG2aRkc3Hi2rcbULknYL/xqfpBL23jQnCSrDUGAo/AEv0Z+s2bff9Zkw==}
    engines: {node: '>= 10'}
    cpu: [x64]
    os: [darwin]

  '@next/swc-linux-arm64-gnu@15.3.4':
    resolution: {integrity: sha512-l8ZQOCCg7adwmsnFm8m5q9eIPAHdaB2F3cxhufYtVo84pymwKuWfpYTKcUiFcutJdp9xGHC+F1Uq3xnFU1B/7g==}
    engines: {node: '>= 10'}
    cpu: [arm64]
    os: [linux]

  '@next/swc-linux-arm64-musl@15.3.4':
    resolution: {integrity: sha512-wFyZ7X470YJQtpKot4xCY3gpdn8lE9nTlldG07/kJYexCUpX1piX+MBfZdvulo+t1yADFVEuzFfVHfklfEx8kw==}
    engines: {node: '>= 10'}
    cpu: [arm64]
    os: [linux]

  '@next/swc-linux-x64-gnu@15.3.4':
    resolution: {integrity: sha512-gEbH9rv9o7I12qPyvZNVTyP/PWKqOp8clvnoYZQiX800KkqsaJZuOXkWgMa7ANCCh/oEN2ZQheh3yH8/kWPSEg==}
    engines: {node: '>= 10'}
    cpu: [x64]
    os: [linux]

  '@next/swc-linux-x64-musl@15.3.4':
    resolution: {integrity: sha512-Cf8sr0ufuC/nu/yQ76AnarbSAXcwG/wj+1xFPNbyNo8ltA6kw5d5YqO8kQuwVIxk13SBdtgXrNyom3ZosHAy4A==}
    engines: {node: '>= 10'}
    cpu: [x64]
    os: [linux]

  '@next/swc-win32-arm64-msvc@15.3.4':
    resolution: {integrity: sha512-ay5+qADDN3rwRbRpEhTOreOn1OyJIXS60tg9WMYTWCy3fB6rGoyjLVxc4dR9PYjEdR2iDYsaF5h03NA+XuYPQQ==}
    engines: {node: '>= 10'}
    cpu: [arm64]
    os: [win32]

  '@next/swc-win32-x64-msvc@15.3.4':
    resolution: {integrity: sha512-4kDt31Bc9DGyYs41FTL1/kNpDeHyha2TC0j5sRRoKCyrhNcfZ/nRQkAUlF27mETwm8QyHqIjHJitfcza2Iykfg==}
    engines: {node: '>= 10'}
    cpu: [x64]
    os: [win32]

  '@swc/counter@0.1.3':
    resolution: {integrity: sha512-e2BR4lsJkkRlKZ/qCHPw9ZaSxc0MVUd7gtbtaB7aMvHeJVYe8sOB8DBZkP2DtISHGSku9sCK6T6cnY0CtXrOCQ==}

  '@swc/helpers@0.5.15':
    resolution: {integrity: sha512-JQ5TuMi45Owi4/BIMAJBoSQoOJu12oOk/gADqlcUL9JEdHB8vyjUSsxqeNXnmXHjYKMi2WcYtezGEEhqUI/E2g==}

  '@types/bittorrent-protocol@3.1.6':
    resolution: {integrity: sha512-hqiRctJX9t9kknr6nn0q7UlcWHKvw2gSnPc/4jxt7Q/T0RP9txNv27Djue9ZjCNlAJ+irqAnCxtb+TcSpMyhtA==}

  '@types/json-schema@7.0.15':
    resolution: {integrity: sha512-5+fP8P8MFNC+AyZCDxrB2pkZFPGzqQWUzpSeuuVLvm8VMcorNYavBqoFcxK8bQz4Qsbn4oUEEem4wDLfcysGHA==}

  '@types/magnet-uri@5.1.5':
    resolution: {integrity: sha512-SbBjlb1KGe38VfjRR+mwqztJd/4skhdKkRbIzPDhTy7IAeEAPZWIVSEkZw00Qr4ZZOGR3/ATJ20WWPBfrKHGdA==}

  '@types/node@20.19.4':
    resolution: {integrity: sha512-OP+We5WV8Xnbuvw0zC2m4qfB/BJvjyCwtNjhHdJxV1639SGSKrLmJkc3fMnp2Qy8nJyHp8RO6umxELN/dS1/EA==}

  '@types/parse-torrent-file@4.0.6':
    resolution: {integrity: sha512-SxqVth0Iv0WuEkqWS5MaY4S4Tlyi+QHkElQREvsUPw2xHcPgKyQ2dkJRRv5vAxmLzH+tnMdOj1Nws/wsenbzUw==}

  '@types/parse-torrent@5.8.7':
    resolution: {integrity: sha512-vZtYe450hO+KL7B5fejM8CHWg1LPZKeVXlolphPsWf6n4H0ZUlI6ICbqHoaFmH7JQmU2yRbGgyvqqizdFuGPFQ==}

  '@types/react-dom@19.1.6':
    resolution: {integrity: sha512-4hOiT/dwO8Ko0gV1m/TJZYk3y0KBnY9vzDh7W+DH17b2HFSOGgdj33dhihPeuy3l0q23+4e+hoXHV6hCC4dCXw==}
    peerDependencies:
      '@types/react': ^19.0.0

  '@types/react@19.1.8':
    resolution: {integrity: sha512-AwAfQ2Wa5bCx9WP8nZL2uMZWod7J7/JSplxbTmBQ5ms6QpqNYm672H0Vu9ZVKVngQ+ii4R/byguVEUZQyeg44g==}

  '@types/simple-peer@9.11.8':
    resolution: {integrity: sha512-rvqefdp2rvIA6wiomMgKWd2UZNPe6LM2EV5AuY3CPQJF+8TbdrL5TjYdMf0VAjGczzlkH4l1NjDkihwbj3Xodw==}

  '@types/webtorrent@0.110.0':
    resolution: {integrity: sha512-f2Moh9KWdHqYT1N5hxbaCw213SyYyyHhxOoxJI4c53nwAiq4JCytpySV8cM5FC9oPOE7Y/4nPYbnreJNl9lJRA==}

  asynckit@0.4.0:
    resolution: {integrity: sha512-Oei9OH4tRh0YqU3GxhX79dM/mwVgvbZJaSNaRk+bshkj0S5cfHcgYakreBjrHwatXKbz+IoIdYLxrKim2MjW0Q==}

  axios@1.10.0:
    resolution: {integrity: sha512-/1xYAC4MP/HEG+3duIhFr4ZQXR4sQXOIe+o6sdqzeykGLx6Upp/1p8MHqhINOvGeP7xyNHe7tsiJByc4SSVUxw==}

  busboy@1.6.0:
    resolution: {integrity: sha512-8SFQbg/0hQ9xy3UNTB0YEnsNBbWfhf7RtnzpL7TkBiTBRfrQ9Fxcnz7VJsleJpyp6rVLvXiuORqjlHi5q+PYuA==}
    engines: {node: '>=10.16.0'}

  call-bind-apply-helpers@1.0.2:
    resolution: {integrity: sha512-Sp1ablJ0ivDkSzjcaJdxEunN5/XvksFJ2sMBFfq6x0ryhQV/2b/KwFe21cMpmHtPOSij8K99/wSfoEuTObmuMQ==}
    engines: {node: '>= 0.4'}

  caniuse-lite@1.0.30001726:
    resolution: {integrity: sha512-VQAUIUzBiZ/UnlM28fSp2CRF3ivUn1BWEvxMcVTNwpw91Py1pGbPIyIKtd+tzct9C3ouceCVdGAXxZOpZAsgdw==}

  client-only@0.0.1:
    resolution: {integrity: sha512-IV3Ou0jSMzZrd3pZ48nLkT9DA7Ag1pnPzaiQhpW7c3RbcqqzvzzVu+L8gfqMp/8IM2MQtSiqaCxrrcfu8I8rMA==}

  color-convert@2.0.1:
    resolution: {integrity: sha512-RRECPsj7iu/xb5oKYcsFHSppFNnsj/52OVTRKb4zP5onXwVF3zVmmToNcOfGC+CRDpfK/U584fMg38ZHCaElKQ==}
    engines: {node: '>=7.0.0'}

  color-name@1.1.4:
    resolution: {integrity: sha512-dOy+3AuW3a2wNbZHIuMZpTcgjGuLU/uBL/ubcZF9OXbDo8ff4O8yVp5Bf0efS8uEoYo5q4Fx7dY9OgQGXgAsQA==}

  color-string@1.9.1:
    resolution: {integrity: sha512-shrVawQFojnZv6xM40anx4CkoDP+fZsw/ZerEMsW/pyzsRbElpsL/DBVW7q3ExxwusdNXI3lXpuhEZkzs8p5Eg==}

  color@4.2.3:
    resolution: {integrity: sha512-1rXeuUUiGGrykh+CeBdu5Ie7OJwinCgQY0bc7GCRxy5xVHy+moaqkpL/jqQq0MtQOeYcrqEz4abc5f0KtU7W4A==}
    engines: {node: '>=12.5.0'}

  combined-stream@1.0.8:
    resolution: {integrity: sha512-FQN4MRfuJeHf7cBbBMJFXhKSDq+2kAArBlmRBvcvFE5BB1HZKXtSFASDhdlz9zOYwxh8lDdnvmMOe/+5cdoEdg==}
    engines: {node: '>= 0.8'}

  csstype@3.1.3:
    resolution: {integrity: sha512-M1uQkMl8rQK/szD0LNhtqxIPLpimGm8sOBwU7lLnCpSbTyY3yeU1Vc7l4KT5zT4s/yOxHH5O7tIuuLOCnLADRw==}

  delayed-stream@1.0.0:
    resolution: {integrity: sha512-ZySD7Nf91aLB0RxL4KGrKHBXl7Eds1DAmEdcoVawXnLD7SDhpNgtuII2aAkg7a7QS41jxPSZ17p4VdGnMHk3MQ==}
    engines: {node: '>=0.4.0'}

  detect-libc@2.0.4:
    resolution: {integrity: sha512-3UDv+G9CsCKO1WKMGw9fwq/SWJYbI0c5Y7LU1AXYoDdbhE2AHQ6N6Nb34sG8Fj7T5APy8qXDCKuuIHd1BR0tVA==}
    engines: {node: '>=8'}

  dunder-proto@1.0.1:
    resolution: {integrity: sha512-KIN/nDJBQRcXw0MLVhZE9iQHmG68qAVIBg9CqmUYjmQIhgij9U5MFvrqkUL5FbtyyzZuOeOt0zdeRe4UY7ct+A==}
    engines: {node: '>= 0.4'}

  es-define-property@1.0.1:
    resolution: {integrity: sha512-e3nRfgfUZ4rNGL232gUgX06QNyyez04KdjFrF+LTRoOXmrOgFKDg4BCdsjW8EnT69eqdYGmRpJwiPVYNrCaW3g==}
    engines: {node: '>= 0.4'}

  es-errors@1.3.0:
    resolution: {integrity: sha512-Zf5H2Kxt2xjTvbJvP2ZWLEICxA6j+hAmMzIlypy4xcBg1vKVnx89Wy0GbS+kf5cwCVFFzdCFh2XSCFNULS6csw==}
    engines: {node: '>= 0.4'}

  es-object-atoms@1.1.1:
    resolution: {integrity: sha512-FGgH2h8zKNim9ljj7dankFPcICIK9Cp5bm+c2gQSYePhpaG5+esrLODihIorn+Pe6FGJzWhXQotPv73jTaldXA==}
    engines: {node: '>= 0.4'}

  es-set-tostringtag@2.1.0:
    resolution: {integrity: sha512-j6vWzfrGVfyXxge+O0x5sh6cvxAog0a/4Rdd2K36zCMV5eJ+/+tOAngRO8cODMNWbVRdVlmGZQL2YS3yR8bIUA==}
    engines: {node: '>= 0.4'}

  follow-redirects@1.15.9:
    resolution: {integrity: sha512-gew4GsXizNgdoRyqmyfMHyAmXsZDk6mHkSxZFCzW9gwlbtOW44CDtYavM+y+72qD/Vq2l550kMF52DT8fOLJqQ==}
    engines: {node: '>=4.0'}
    peerDependencies:
      debug: '*'
    peerDependenciesMeta:
      debug:
        optional: true

  form-data@4.0.3:
    resolution: {integrity: sha512-qsITQPfmvMOSAdeyZ+12I1c+CKSstAFAwu+97zrnWAbIr5u8wfsExUzCesVLC8NgHuRUqNN4Zy6UPWUTRGslcA==}
    engines: {node: '>= 6'}

  function-bind@1.1.2:
    resolution: {integrity: sha512-7XHNxH7qX9xG5mIwxkhumTox/MIRNcOgDrxWsMt2pAr23WHp6MrRlN7FBSFpCpr+oVO0F744iUgR82nJMfG2SA==}

  get-intrinsic@1.3.0:
    resolution: {integrity: sha512-9fSjSaos/fRIVIp+xSJlE6lfwhES7LNtKaCBIamHsjr2na1BiABJPo0mOjjz8GJDURarmCPGqaiVg5mfjb98CQ==}
    engines: {node: '>= 0.4'}

  get-proto@1.0.1:
    resolution: {integrity: sha512-sTSfBjoXBp89JvIKIefqw7U2CCebsc74kiY6awiGogKtoSGbgjYE/G/+l9sF3MWFPNc9IcoOC4ODfKHfxFmp0g==}
    engines: {node: '>= 0.4'}

  gopd@1.2.0:
    resolution: {integrity: sha512-ZUKRh6/kUFoAiTAtTYPZJ3hw9wNxx+BIBOijnlG9PnrJsCcSjs1wyyD6vJpaYtgnzDrKYRSqf3OO6Rfa93xsRg==}
    engines: {node: '>= 0.4'}

  has-symbols@1.1.0:
    resolution: {integrity: sha512-1cDNdwJ2Jaohmb3sg4OmKaMBwuC48sYni5HUw2DvsC8LjGTLK9h+eb1X6RyuOHe4hT0ULCW68iomhjUoKUqlPQ==}
    engines: {node: '>= 0.4'}

  has-tostringtag@1.0.2:
    resolution: {integrity: sha512-NqADB8VjPFLM2V0VvHUewwwsw0ZWBaIdgo+ieHtK3hasLz4qeCRjYcqfB6AQrBggRKppKF8L52/VqdVsO47Dlw==}
    engines: {node: '>= 0.4'}

  hasown@2.0.2:
    resolution: {integrity: sha512-0hJU9SCPvmMzIBdZFqNPXWa6dqh7WdH0cII9y+CyS8rG3nL48Bclra9HmKhVVUHyPWNH5Y7xDwAB7bfgSjkUMQ==}
    engines: {node: '>= 0.4'}

  is-arrayish@0.3.2:
    resolution: {integrity: sha512-eVRqCvVlZbuw3GrM63ovNSNAeA1K16kaR/LRY/92w0zxQ5/1YzwblUX652i4Xs9RwAGjW9d9y6X88t8OaAJfWQ==}

  math-intrinsics@1.1.0:
    resolution: {integrity: sha512-/IXtbwEk5HTPyEwyKX6hGkYXxM9nbj64B+ilVJnC/R6B0pH5G4V3b0pVbL7DBj4tkhBAppbQUlf6F6Xl9LHu1g==}
    engines: {node: '>= 0.4'}

  mime-db@1.52.0:
    resolution: {integrity: sha512-sPU4uV7dYlvtWJxwwxHD0PuihVNiE7TyAbQ5SWxDCB9mUYvOgroQOwYQQOKPJ8CIbE+1ETVlOoK1UC2nU3gYvg==}
    engines: {node: '>= 0.6'}

  mime-types@2.1.35:
    resolution: {integrity: sha512-ZDY+bPm5zTTF+YpCrAU9nK0UgICYPT0QtT1NZWFv4s++TNkcgVaT0g6+4R2uI4MjQjzysHB1zxuWL50hzaeXiw==}
    engines: {node: '>= 0.6'}

  nanoid@3.3.11:
    resolution: {integrity: sha512-N8SpfPUnUp1bK+PMYW8qSWdl9U+wwNWI4QKxOYDy9JAro3WMX7p2OeVRF9v+347pnakNevPmiHhNmZ2HbFA76w==}
    engines: {node: ^10 || ^12 || ^13.7 || ^14 || >=15.0.1}
    hasBin: true

  next@15.3.4:
    resolution: {integrity: sha512-mHKd50C+mCjam/gcnwqL1T1vPx/XQNFlXqFIVdgQdVAFY9iIQtY0IfaVflEYzKiqjeA7B0cYYMaCrmAYFjs4rA==}
    engines: {node: ^18.18.0 || ^19.8.0 || >= 20.0.0}
    hasBin: true
    peerDependencies:
      '@opentelemetry/api': ^1.1.0
      '@playwright/test': ^1.41.2
      babel-plugin-react-compiler: '*'
      react: ^18.2.0 || 19.0.0-rc-de68d2f4-20241204 || ^19.0.0
      react-dom: ^18.2.0 || 19.0.0-rc-de68d2f4-20241204 || ^19.0.0
      sass: ^1.3.0
    peerDependenciesMeta:
      '@opentelemetry/api':
        optional: true
      '@playwright/test':
        optional: true
      babel-plugin-react-compiler:
        optional: true
      sass:
        optional: true

  picocolors@1.1.1:
    resolution: {integrity: sha512-xceH2snhtb5M9liqDsmEw56le376mTZkEX/jEb/RxNFyegNul7eNslCXP9FDj/Lcu0X8KEyMceP2ntpaHrDEVA==}

  postcss@8.4.31:
    resolution: {integrity: sha512-PS08Iboia9mts/2ygV3eLpY5ghnUcfLV/EXTOW1E2qYxJKGGBUtNjN76FYHnMs36RmARn41bC0AZmn+rR0OVpQ==}
    engines: {node: ^10 || ^12 || >=14}

  proxy-from-env@1.1.0:
    resolution: {integrity: sha512-D+zkORCbA9f1tdWRK0RaCR3GPv50cMxcrz4X8k5LTSUD1Dkw47mKJEZQNunItRTkWwgtaUSo1RVFRIG9ZXiFYg==}

  react-dom@19.0.0:
    resolution: {integrity: sha512-4GV5sHFG0e/0AD4X+ySy6UJd3jVl1iNsNHdpad0qhABJ11twS3TTBnseqsKurKcsNqCEFeGL3uLpVChpIO3QfQ==}
    peerDependencies:
      react: ^19.0.0

  react@19.0.0:
    resolution: {integrity: sha512-V8AVnmPIICiWpGfm6GLzCR/W5FXLchHop40W4nXBmdlEceh16rCN8O8LNWm5bh5XUX91fh7KpA+W0TgMKmgTpQ==}
    engines: {node: '>=0.10.0'}

  scheduler@0.25.0:
    resolution: {integrity: sha512-xFVuu11jh+xcO7JOAGJNOXld8/TcEHK/4CituBUeUb5hqxJLj9YuemAEuvm9gQ/+pgXYfbQuqAkiYu+u7YEsNA==}

  semver@7.7.2:
    resolution: {integrity: sha512-RF0Fw+rO5AMf9MAyaRXI4AV0Ulj5lMHqVxxdSgiVbixSCXoEmmX/jk0CuJw4+3SqroYO9VoUh+HcuJivvtJemA==}
    engines: {node: '>=10'}
    hasBin: true

  sharp@0.34.2:
    resolution: {integrity: sha512-lszvBmB9QURERtyKT2bNmsgxXK0ShJrL/fvqlonCo7e6xBF8nT8xU6pW+PMIbLsz0RxQk3rgH9kd8UmvOzlMJg==}
    engines: {node: ^18.17.0 || ^20.3.0 || >=21.0.0}

  simple-swizzle@0.2.2:
    resolution: {integrity: sha512-JA//kQgZtbuY83m+xT+tXJkmJncGMTFT+C+g2h2R9uxkYIrE2yy9sgmcLhCnw57/WSD+Eh3J97FPEDFnbXnDUg==}

  source-map-js@1.2.1:
    resolution: {integrity: sha512-UXWMKhLOwVKb728IUtQPXxfYU+usdybtUrK/8uGE8CQMvrhOpwvzDBwj0QhSL7MQc7vIsISBG8VQ8+IDQxpfQA==}
    engines: {node: '>=0.10.0'}

  streamsearch@1.1.0:
    resolution: {integrity: sha512-Mcc5wHehp9aXz1ax6bZUyY5afg9u2rv5cqQI3mRrYkGC8rW2hM02jWuwjtL++LS5qinSyhj2QfLyNsuc+VsExg==}
    engines: {node: '>=10.0.0'}

  styled-jsx@5.1.6:
    resolution: {integrity: sha512-qSVyDTeMotdvQYoHWLNGwRFJHC+i+ZvdBRYosOFgC+Wg1vx4frN2/RG/NA7SYqqvKNLf39P2LSRA2pu6n0XYZA==}
    engines: {node: '>= 12.0.0'}
    peerDependencies:
      '@babel/core': '*'
      babel-plugin-macros: '*'
      react: '>= 16.8.0 || 17.x.x || ^18.0.0-0 || ^19.0.0-0'
    peerDependenciesMeta:
      '@babel/core':
        optional: true
      babel-plugin-macros:
        optional: true

  tslib@2.8.1:
    resolution: {integrity: sha512-oJFu94HQb+KVduSUQL7wnpmqnfmLsOA/nAh6b6EH0wCEoK0/mPeXU6c3wKDV83MkOuHPRHtSXKKU99IBazS/2w==}

  typescript@5.8.3:
    resolution: {integrity: sha512-p1diW6TqL9L07nNxvRMM7hMMw4c5XOo/1ibL4aAIGmSAt9slTE1Xgw5KWuof2uTOvCg9BY7ZRi+GaF+7sfgPeQ==}
    engines: {node: '>=14.17'}
    hasBin: true

  undici-types@6.21.0:
    resolution: {integrity: sha512-iwDZqg0QAGrg9Rav5H4n0M64c3mkR59cJ6wQp+7C4nI0gsmExaedaYLNO44eT4AtBBwjbTiGPMlt2Md0T9H9JQ==}

snapshots:

  '@dicebear/adventurer-neutral@9.2.3(@dicebear/core@9.2.3)':
    dependencies:
      '@dicebear/core': 9.2.3

  '@dicebear/adventurer@9.2.3(@dicebear/core@9.2.3)':
    dependencies:
      '@dicebear/core': 9.2.3

  '@dicebear/avataaars-neutral@9.2.3(@dicebear/core@9.2.3)':
    dependencies:
      '@dicebear/core': 9.2.3

  '@dicebear/avataaars@9.2.3(@dicebear/core@9.2.3)':
    dependencies:
      '@dicebear/core': 9.2.3

  '@dicebear/big-ears-neutral@9.2.3(@dicebear/core@9.2.3)':
    dependencies:
      '@dicebear/core': 9.2.3

  '@dicebear/big-ears@9.2.3(@dicebear/core@9.2.3)':
    dependencies:
      '@dicebear/core': 9.2.3

  '@dicebear/big-smile@9.2.3(@dicebear/core@9.2.3)':
    dependencies:
      '@dicebear/core': 9.2.3

  '@dicebear/bottts-neutral@9.2.3(@dicebear/core@9.2.3)':
    dependencies:
      '@dicebear/core': 9.2.3

  '@dicebear/bottts@9.2.3(@dicebear/core@9.2.3)':
    dependencies:
      '@dicebear/core': 9.2.3

  '@dicebear/collection@9.2.3(@dicebear/core@9.2.3)':
    dependencies:
      '@dicebear/adventurer': 9.2.3(@dicebear/core@9.2.3)
      '@dicebear/adventurer-neutral': 9.2.3(@dicebear/core@9.2.3)
      '@dicebear/avataaars': 9.2.3(@dicebear/core@9.2.3)
      '@dicebear/avataaars-neutral': 9.2.3(@dicebear/core@9.2.3)
      '@dicebear/big-ears': 9.2.3(@dicebear/core@9.2.3)
      '@dicebear/big-ears-neutral': 9.2.3(@dicebear/core@9.2.3)
      '@dicebear/big-smile': 9.2.3(@dicebear/core@9.2.3)
      '@dicebear/bottts': 9.2.3(@dicebear/core@9.2.3)
      '@dicebear/bottts-neutral': 9.2.3(@dicebear/core@9.2.3)
      '@dicebear/core': 9.2.3
      '@dicebear/croodles': 9.2.3(@dicebear/core@9.2.3)
      '@dicebear/croodles-neutral': 9.2.3(@dicebear/core@9.2.3)
      '@dicebear/dylan': 9.2.3(@dicebear/core@9.2.3)
      '@dicebear/fun-emoji': 9.2.3(@dicebear/core@9.2.3)
      '@dicebear/glass': 9.2.3(@dicebear/core@9.2.3)
      '@dicebear/icons': 9.2.3(@dicebear/core@9.2.3)
      '@dicebear/identicon': 9.2.3(@dicebear/core@9.2.3)
      '@dicebear/initials': 9.2.3(@dicebear/core@9.2.3)
      '@dicebear/lorelei': 9.2.3(@dicebear/core@9.2.3)
      '@dicebear/lorelei-neutral': 9.2.3(@dicebear/core@9.2.3)
      '@dicebear/micah': 9.2.3(@dicebear/core@9.2.3)
      '@dicebear/miniavs': 9.2.3(@dicebear/core@9.2.3)
      '@dicebear/notionists': 9.2.3(@dicebear/core@9.2.3)
      '@dicebear/notionists-neutral': 9.2.3(@dicebear/core@9.2.3)
      '@dicebear/open-peeps': 9.2.3(@dicebear/core@9.2.3)
      '@dicebear/personas': 9.2.3(@dicebear/core@9.2.3)
      '@dicebear/pixel-art': 9.2.3(@dicebear/core@9.2.3)
      '@dicebear/pixel-art-neutral': 9.2.3(@dicebear/core@9.2.3)
      '@dicebear/rings': 9.2.3(@dicebear/core@9.2.3)
      '@dicebear/shapes': 9.2.3(@dicebear/core@9.2.3)
      '@dicebear/thumbs': 9.2.3(@dicebear/core@9.2.3)

  '@dicebear/core@9.2.3':
    dependencies:
      '@types/json-schema': 7.0.15

  '@dicebear/croodles-neutral@9.2.3(@dicebear/core@9.2.3)':
    dependencies:
      '@dicebear/core': 9.2.3

  '@dicebear/croodles@9.2.3(@dicebear/core@9.2.3)':
    dependencies:
      '@dicebear/core': 9.2.3

  '@dicebear/dylan@9.2.3(@dicebear/core@9.2.3)':
    dependencies:
      '@dicebear/core': 9.2.3

  '@dicebear/fun-emoji@9.2.3(@dicebear/core@9.2.3)':
    dependencies:
      '@dicebear/core': 9.2.3

  '@dicebear/glass@9.2.3(@dicebear/core@9.2.3)':
    dependencies:
      '@dicebear/core': 9.2.3

  '@dicebear/icons@9.2.3(@dicebear/core@9.2.3)':
    dependencies:
      '@dicebear/core': 9.2.3

  '@dicebear/identicon@9.2.3(@dicebear/core@9.2.3)':
    dependencies:
      '@dicebear/core': 9.2.3

  '@dicebear/initials@9.2.3(@dicebear/core@9.2.3)':
    dependencies:
      '@dicebear/core': 9.2.3

  '@dicebear/lorelei-neutral@9.2.3(@dicebear/core@9.2.3)':
    dependencies:
      '@dicebear/core': 9.2.3

  '@dicebear/lorelei@9.2.3(@dicebear/core@9.2.3)':
    dependencies:
      '@dicebear/core': 9.2.3

  '@dicebear/micah@9.2.3(@dicebear/core@9.2.3)':
    dependencies:
      '@dicebear/core': 9.2.3

  '@dicebear/miniavs@9.2.3(@dicebear/core@9.2.3)':
    dependencies:
      '@dicebear/core': 9.2.3

  '@dicebear/notionists-neutral@9.2.3(@dicebear/core@9.2.3)':
    dependencies:
      '@dicebear/core': 9.2.3

  '@dicebear/notionists@9.2.3(@dicebear/core@9.2.3)':
    dependencies:
      '@dicebear/core': 9.2.3

  '@dicebear/open-peeps@9.2.3(@dicebear/core@9.2.3)':
    dependencies:
      '@dicebear/core': 9.2.3

  '@dicebear/personas@9.2.3(@dicebear/core@9.2.3)':
    dependencies:
      '@dicebear/core': 9.2.3

  '@dicebear/pixel-art-neutral@9.2.3(@dicebear/core@9.2.3)':
    dependencies:
      '@dicebear/core': 9.2.3

  '@dicebear/pixel-art@9.2.3(@dicebear/core@9.2.3)':
    dependencies:
      '@dicebear/core': 9.2.3

  '@dicebear/rings@9.2.3(@dicebear/core@9.2.3)':
    dependencies:
      '@dicebear/core': 9.2.3

  '@dicebear/shapes@9.2.3(@dicebear/core@9.2.3)':
    dependencies:
      '@dicebear/core': 9.2.3

  '@dicebear/thumbs@9.2.3(@dicebear/core@9.2.3)':
    dependencies:
      '@dicebear/core': 9.2.3

  '@emnapi/runtime@1.4.3':
    dependencies:
      tslib: 2.8.1
    optional: true

  '@img/sharp-darwin-arm64@0.34.2':
    optionalDependencies:
      '@img/sharp-libvips-darwin-arm64': 1.1.0
    optional: true

  '@img/sharp-darwin-x64@0.34.2':
    optionalDependencies:
      '@img/sharp-libvips-darwin-x64': 1.1.0
    optional: true

  '@img/sharp-libvips-darwin-arm64@1.1.0':
    optional: true

  '@img/sharp-libvips-darwin-x64@1.1.0':
    optional: true

  '@img/sharp-libvips-linux-arm64@1.1.0':
    optional: true

  '@img/sharp-libvips-linux-arm@1.1.0':
    optional: true

  '@img/sharp-libvips-linux-ppc64@1.1.0':
    optional: true

  '@img/sharp-libvips-linux-s390x@1.1.0':
    optional: true

  '@img/sharp-libvips-linux-x64@1.1.0':
    optional: true

  '@img/sharp-libvips-linuxmusl-arm64@1.1.0':
    optional: true

  '@img/sharp-libvips-linuxmusl-x64@1.1.0':
    optional: true

  '@img/sharp-linux-arm64@0.34.2':
    optionalDependencies:
      '@img/sharp-libvips-linux-arm64': 1.1.0
    optional: true

  '@img/sharp-linux-arm@0.34.2':
    optionalDependencies:
      '@img/sharp-libvips-linux-arm': 1.1.0
    optional: true

  '@img/sharp-linux-s390x@0.34.2':
    optionalDependencies:
      '@img/sharp-libvips-linux-s390x': 1.1.0
    optional: true

  '@img/sharp-linux-x64@0.34.2':
    optionalDependencies:
      '@img/sharp-libvips-linux-x64': 1.1.0
    optional: true

  '@img/sharp-linuxmusl-arm64@0.34.2':
    optionalDependencies:
      '@img/sharp-libvips-linuxmusl-arm64': 1.1.0
    optional: true

  '@img/sharp-linuxmusl-x64@0.34.2':
    optionalDependencies:
      '@img/sharp-libvips-linuxmusl-x64': 1.1.0
    optional: true

  '@img/sharp-wasm32@0.34.2':
    dependencies:
      '@emnapi/runtime': 1.4.3
    optional: true

  '@img/sharp-win32-arm64@0.34.2':
    optional: true

  '@img/sharp-win32-ia32@0.34.2':
    optional: true

  '@img/sharp-win32-x64@0.34.2':
    optional: true

  '@next/env@15.3.4': {}

  '@next/swc-darwin-arm64@15.3.4':
    optional: true

  '@next/swc-darwin-x64@15.3.4':
    optional: true

  '@next/swc-linux-arm64-gnu@15.3.4':
    optional: true

  '@next/swc-linux-arm64-musl@15.3.4':
    optional: true

  '@next/swc-linux-x64-gnu@15.3.4':
    optional: true

  '@next/swc-linux-x64-musl@15.3.4':
    optional: true

  '@next/swc-win32-arm64-msvc@15.3.4':
    optional: true

  '@next/swc-win32-x64-msvc@15.3.4':
    optional: true

  '@swc/counter@0.1.3': {}

  '@swc/helpers@0.5.15':
    dependencies:
      tslib: 2.8.1

  '@types/bittorrent-protocol@3.1.6':
    dependencies:
      '@types/node': 20.19.4

  '@types/json-schema@7.0.15': {}

  '@types/magnet-uri@5.1.5':
    dependencies:
      '@types/node': 20.19.4

  '@types/node@20.19.4':
    dependencies:
      undici-types: 6.21.0

  '@types/parse-torrent-file@4.0.6':
    dependencies:
      '@types/node': 20.19.4

  '@types/parse-torrent@5.8.7':
    dependencies:
      '@types/magnet-uri': 5.1.5
      '@types/node': 20.19.4
      '@types/parse-torrent-file': 4.0.6

  '@types/react-dom@19.1.6(@types/react@19.1.8)':
    dependencies:
      '@types/react': 19.1.8

  '@types/react@19.1.8':
    dependencies:
      csstype: 3.1.3

  '@types/simple-peer@9.11.8':
    dependencies:
      '@types/node': 20.19.4

  '@types/webtorrent@0.110.0':
    dependencies:
      '@types/bittorrent-protocol': 3.1.6
      '@types/node': 20.19.4
      '@types/parse-torrent': 5.8.7
      '@types/simple-peer': 9.11.8

  asynckit@0.4.0: {}

  axios@1.10.0:
    dependencies:
      follow-redirects: 1.15.9
      form-data: 4.0.3
      proxy-from-env: 1.1.0
    transitivePeerDependencies:
      - debug

  busboy@1.6.0:
    dependencies:
      streamsearch: 1.1.0

  call-bind-apply-helpers@1.0.2:
    dependencies:
      es-errors: 1.3.0
      function-bind: 1.1.2

  caniuse-lite@1.0.30001726: {}

  client-only@0.0.1: {}

  color-convert@2.0.1:
    dependencies:
      color-name: 1.1.4
    optional: true

  color-name@1.1.4:
    optional: true

  color-string@1.9.1:
    dependencies:
      color-name: 1.1.4
      simple-swizzle: 0.2.2
    optional: true

  color@4.2.3:
    dependencies:
      color-convert: 2.0.1
      color-string: 1.9.1
    optional: true

  combined-stream@1.0.8:
    dependencies:
      delayed-stream: 1.0.0

  csstype@3.1.3: {}

  delayed-stream@1.0.0: {}

  detect-libc@2.0.4:
    optional: true

  dunder-proto@1.0.1:
    dependencies:
      call-bind-apply-helpers: 1.0.2
      es-errors: 1.3.0
      gopd: 1.2.0

  es-define-property@1.0.1: {}

  es-errors@1.3.0: {}

  es-object-atoms@1.1.1:
    dependencies:
      es-errors: 1.3.0

  es-set-tostringtag@2.1.0:
    dependencies:
      es-errors: 1.3.0
      get-intrinsic: 1.3.0
      has-tostringtag: 1.0.2
      hasown: 2.0.2

  follow-redirects@1.15.9: {}

  form-data@4.0.3:
    dependencies:
      asynckit: 0.4.0
      combined-stream: 1.0.8
      es-set-tostringtag: 2.1.0
      hasown: 2.0.2
      mime-types: 2.1.35

  function-bind@1.1.2: {}

  get-intrinsic@1.3.0:
    dependencies:
      call-bind-apply-helpers: 1.0.2
      es-define-property: 1.0.1
      es-errors: 1.3.0
      es-object-atoms: 1.1.1
      function-bind: 1.1.2
      get-proto: 1.0.1
      gopd: 1.2.0
      has-symbols: 1.1.0
      hasown: 2.0.2
      math-intrinsics: 1.1.0

  get-proto@1.0.1:
    dependencies:
      dunder-proto: 1.0.1
      es-object-atoms: 1.1.1

  gopd@1.2.0: {}

  has-symbols@1.1.0: {}

  has-tostringtag@1.0.2:
    dependencies:
      has-symbols: 1.1.0

  hasown@2.0.2:
    dependencies:
      function-bind: 1.1.2

  is-arrayish@0.3.2:
    optional: true

  math-intrinsics@1.1.0: {}

  mime-db@1.52.0: {}

  mime-types@2.1.35:
    dependencies:
      mime-db: 1.52.0

  nanoid@3.3.11: {}

  next@15.3.4(react-dom@19.0.0(react@19.0.0))(react@19.0.0):
    dependencies:
      '@next/env': 15.3.4
      '@swc/counter': 0.1.3
      '@swc/helpers': 0.5.15
      busboy: 1.6.0
      caniuse-lite: 1.0.30001726
      postcss: 8.4.31
      react: 19.0.0
      react-dom: 19.0.0(react@19.0.0)
      styled-jsx: 5.1.6(react@19.0.0)
    optionalDependencies:
      '@next/swc-darwin-arm64': 15.3.4
      '@next/swc-darwin-x64': 15.3.4
      '@next/swc-linux-arm64-gnu': 15.3.4
      '@next/swc-linux-arm64-musl': 15.3.4
      '@next/swc-linux-x64-gnu': 15.3.4
      '@next/swc-linux-x64-musl': 15.3.4
      '@next/swc-win32-arm64-msvc': 15.3.4
      '@next/swc-win32-x64-msvc': 15.3.4
      sharp: 0.34.2
    transitivePeerDependencies:
      - '@babel/core'
      - babel-plugin-macros

  picocolors@1.1.1: {}

  postcss@8.4.31:
    dependencies:
      nanoid: 3.3.11
      picocolors: 1.1.1
      source-map-js: 1.2.1

  proxy-from-env@1.1.0: {}

  react-dom@19.0.0(react@19.0.0):
    dependencies:
      react: 19.0.0
      scheduler: 0.25.0

  react@19.0.0: {}

  scheduler@0.25.0: {}

  semver@7.7.2:
    optional: true

  sharp@0.34.2:
    dependencies:
      color: 4.2.3
      detect-libc: 2.0.4
      semver: 7.7.2
    optionalDependencies:
      '@img/sharp-darwin-arm64': 0.34.2
      '@img/sharp-darwin-x64': 0.34.2
      '@img/sharp-libvips-darwin-arm64': 1.1.0
      '@img/sharp-libvips-darwin-x64': 1.1.0
      '@img/sharp-libvips-linux-arm': 1.1.0
      '@img/sharp-libvips-linux-arm64': 1.1.0
      '@img/sharp-libvips-linux-ppc64': 1.1.0
      '@img/sharp-libvips-linux-s390x': 1.1.0
      '@img/sharp-libvips-linux-x64': 1.1.0
      '@img/sharp-libvips-linuxmusl-arm64': 1.1.0
      '@img/sharp-libvips-linuxmusl-x64': 1.1.0
      '@img/sharp-linux-arm': 0.34.2
      '@img/sharp-linux-arm64': 0.34.2
      '@img/sharp-linux-s390x': 0.34.2
      '@img/sharp-linux-x64': 0.34.2
      '@img/sharp-linuxmusl-arm64': 0.34.2
      '@img/sharp-linuxmusl-x64': 0.34.2
      '@img/sharp-wasm32': 0.34.2
      '@img/sharp-win32-arm64': 0.34.2
      '@img/sharp-win32-ia32': 0.34.2
      '@img/sharp-win32-x64': 0.34.2
    optional: true

  simple-swizzle@0.2.2:
    dependencies:
      is-arrayish: 0.3.2
    optional: true

  source-map-js@1.2.1: {}

  streamsearch@1.1.0: {}

  styled-jsx@5.1.6(react@19.0.0):
    dependencies:
      client-only: 0.0.1
      react: 19.0.0

  tslib@2.8.1: {}

  typescript@5.8.3: {}

  undici-types@6.21.0: {}
